// !$*UTF8*$!
{
	archiveVersion = 1;
	classes = {
	};
	objectVersion = 46;
	objects = {

/* Begin PBXBuildFile section */
		E71F564C1ED82DF60078EFAD /* RotatingButtonsBuilder.swift in Sources */ = {isa = PBXBuildFile; fileRef = E71F56491ED82DF60078EFAD /* RotatingButtonsBuilder.swift */; };
		E71F564D1ED82DF60078EFAD /* RotatingButtonsViewController.swift in Sources */ = {isa = PBXBuildFile; fileRef = E71F564A1ED82DF60078EFAD /* RotatingButtonsViewController.swift */; };
		E71F564E1ED82DF60078EFAD /* RotatingButtonsViewModel.swift in Sources */ = {isa = PBXBuildFile; fileRef = E71F564B1ED82DF60078EFAD /* RotatingButtonsViewModel.swift */; };
		E73ADF2F1ED014470009D4F6 /* Action.framework in Frameworks */ = {isa = PBXBuildFile; fileRef = E73ADF2B1ED014470009D4F6 /* Action.framework */; };
		E73ADF301ED014470009D4F6 /* NSObject_Rx.framework in Frameworks */ = {isa = PBXBuildFile; fileRef = E73ADF2C1ED014470009D4F6 /* NSObject_Rx.framework */; };
		E73ADF311ED014470009D4F6 /* RxCocoa.framework in Frameworks */ = {isa = PBXBuildFile; fileRef = E73ADF2D1ED014470009D4F6 /* RxCocoa.framework */; };
		E73ADF321ED014470009D4F6 /* RxSwift.framework in Frameworks */ = {isa = PBXBuildFile; fileRef = E73ADF2E1ED014470009D4F6 /* RxSwift.framework */; };
		E74BAC641ED0102300723CA5 /* AppDelegate.swift in Sources */ = {isa = PBXBuildFile; fileRef = E74BAC631ED0102300723CA5 /* AppDelegate.swift */; };
		E74BAC6B1ED0102300723CA5 /* Assets.xcassets in Resources */ = {isa = PBXBuildFile; fileRef = E74BAC6A1ED0102300723CA5 /* Assets.xcassets */; };
		E74BAC6E1ED0102300723CA5 /* LaunchScreen.storyboard in Resources */ = {isa = PBXBuildFile; fileRef = E74BAC6C1ED0102300723CA5 /* LaunchScreen.storyboard */; };
		E74BAC841ED0102300723CA5 /* ShimiUITests.swift in Sources */ = {isa = PBXBuildFile; fileRef = E74BAC831ED0102300723CA5 /* ShimiUITests.swift */; };
		E74BACA01ED0118400723CA5 /* CAAnimationGroup+Rx.swift in Sources */ = {isa = PBXBuildFile; fileRef = E74BAC9E1ED0118400723CA5 /* CAAnimationGroup+Rx.swift */; };
		E74BACA11ED0118400723CA5 /* UIView+Anchors.swift in Sources */ = {isa = PBXBuildFile; fileRef = E74BAC9F1ED0118400723CA5 /* UIView+Anchors.swift */; };
		E74BACA51ED0119400723CA5 /* MainViewController.swift in Sources */ = {isa = PBXBuildFile; fileRef = E74BACA31ED0119400723CA5 /* MainViewController.swift */; };
		E74BACA91ED011BB00723CA5 /* Cartfile in Resources */ = {isa = PBXBuildFile; fileRef = E74BACA71ED011BB00723CA5 /* Cartfile */; };
		E74BACAA1ED011BB00723CA5 /* resources.xcconfig in Resources */ = {isa = PBXBuildFile; fileRef = E74BACA81ED011BB00723CA5 /* resources.xcconfig */; };
		E74BACAC1ED011D500723CA5 /* .gitignore in Resources */ = {isa = PBXBuildFile; fileRef = E74BACAB1ED011D500723CA5 /* .gitignore */; };
		E755FDBF1EE127CF00829B0A /* NumberTunerViewController.swift in Sources */ = {isa = PBXBuildFile; fileRef = E755FDBE1EE127CF00829B0A /* NumberTunerViewController.swift */; };
		E755FDC11EE1307300829B0A /* NumberTunerBuilder.swift in Sources */ = {isa = PBXBuildFile; fileRef = E755FDC01EE1307300829B0A /* NumberTunerBuilder.swift */; };
		E755FDC31EE130B500829B0A /* NumberTunerViewModel.swift in Sources */ = {isa = PBXBuildFile; fileRef = E755FDC21EE130B500829B0A /* NumberTunerViewModel.swift */; };
		E755FDC51EE133D700829B0A /* NumberTunerDelegates.swift in Sources */ = {isa = PBXBuildFile; fileRef = E755FDC41EE133D700829B0A /* NumberTunerDelegates.swift */; };
		E75DAD371EDAB79F00C0A4C4 /* RealmSwift.framework in Frameworks */ = {isa = PBXBuildFile; fileRef = E75DAD361EDAB79F00C0A4C4 /* RealmSwift.framework */; };
		E75DAD391EDAB7F600C0A4C4 /* Realm.framework in Frameworks */ = {isa = PBXBuildFile; fileRef = E75DAD381EDAB7F600C0A4C4 /* Realm.framework */; };
		E7607AB91EDBF4B800345D93 /* RotatingButtonsTests.swift in Sources */ = {isa = PBXBuildFile; fileRef = E7607AB81EDBF4B800345D93 /* RotatingButtonsTests.swift */; };
		E7758C121EDE86EB0078BAE0 /* Entry.swift in Sources */ = {isa = PBXBuildFile; fileRef = E7758C111EDE86EB0078BAE0 /* Entry.swift */; };
		E7758C1A1EDE871C0078BAE0 /* Model.swift in Sources */ = {isa = PBXBuildFile; fileRef = E7758C141EDE871C0078BAE0 /* Model.swift */; };
		E7758C1B1EDE871C0078BAE0 /* Proxies.swift in Sources */ = {isa = PBXBuildFile; fileRef = E7758C151EDE871C0078BAE0 /* Proxies.swift */; };
		E7758C1C1EDE871C0078BAE0 /* ProxiesMock.swift in Sources */ = {isa = PBXBuildFile; fileRef = E7758C161EDE871C0078BAE0 /* ProxiesMock.swift */; };
		E7758C1D1EDE871C0078BAE0 /* ProxiesProvider.swift in Sources */ = {isa = PBXBuildFile; fileRef = E7758C171EDE871C0078BAE0 /* ProxiesProvider.swift */; };
		E785A8461EDE7DB900580E93 /* EntriesService.swift in Sources */ = {isa = PBXBuildFile; fileRef = E785A8451EDE7DB900580E93 /* EntriesService.swift */; };
		E7AF6BA41ED9819B00EC7C2C /* RxRealm.framework in Frameworks */ = {isa = PBXBuildFile; fileRef = E7AF6BA31ED9819B00EC7C2C /* RxRealm.framework */; };
		E7F6EF441EDD531B00024552 /* RotatingButtonsDelegates.swift in Sources */ = {isa = PBXBuildFile; fileRef = E7F6EF431EDD531B00024552 /* RotatingButtonsDelegates.swift */; };
/* End PBXBuildFile section */

/* Begin PBXContainerItemProxy section */
		E74BAC751ED0102300723CA5 /* PBXContainerItemProxy */ = {
			isa = PBXContainerItemProxy;
			containerPortal = E74BAC581ED0102300723CA5 /* Project object */;
			proxyType = 1;
			remoteGlobalIDString = E74BAC5F1ED0102300723CA5;
			remoteInfo = Shimi;
		};
		E74BAC801ED0102300723CA5 /* PBXContainerItemProxy */ = {
			isa = PBXContainerItemProxy;
			containerPortal = E74BAC581ED0102300723CA5 /* Project object */;
			proxyType = 1;
			remoteGlobalIDString = E74BAC5F1ED0102300723CA5;
			remoteInfo = Shimi;
		};
/* End PBXContainerItemProxy section */

/* Begin PBXFileReference section */
		E71F56491ED82DF60078EFAD /* RotatingButtonsBuilder.swift */ = {isa = PBXFileReference; fileEncoding = 4; lastKnownFileType = sourcecode.swift; path = RotatingButtonsBuilder.swift; sourceTree = "<group>"; };
		E71F564A1ED82DF60078EFAD /* RotatingButtonsViewController.swift */ = {isa = PBXFileReference; fileEncoding = 4; lastKnownFileType = sourcecode.swift; path = RotatingButtonsViewController.swift; sourceTree = "<group>"; };
		E71F564B1ED82DF60078EFAD /* RotatingButtonsViewModel.swift */ = {isa = PBXFileReference; fileEncoding = 4; lastKnownFileType = sourcecode.swift; path = RotatingButtonsViewModel.swift; sourceTree = "<group>"; };
		E73ADF2B1ED014470009D4F6 /* Action.framework */ = {isa = PBXFileReference; lastKnownFileType = wrapper.framework; name = Action.framework; path = Carthage/Build/iOS/Action.framework; sourceTree = "<group>"; };
		E73ADF2C1ED014470009D4F6 /* NSObject_Rx.framework */ = {isa = PBXFileReference; lastKnownFileType = wrapper.framework; name = NSObject_Rx.framework; path = Carthage/Build/iOS/NSObject_Rx.framework; sourceTree = "<group>"; };
		E73ADF2D1ED014470009D4F6 /* RxCocoa.framework */ = {isa = PBXFileReference; lastKnownFileType = wrapper.framework; name = RxCocoa.framework; path = Carthage/Build/iOS/RxCocoa.framework; sourceTree = "<group>"; };
		E73ADF2E1ED014470009D4F6 /* RxSwift.framework */ = {isa = PBXFileReference; lastKnownFileType = wrapper.framework; name = RxSwift.framework; path = Carthage/Build/iOS/RxSwift.framework; sourceTree = "<group>"; };
		E74BAC601ED0102300723CA5 /* Shimi.app */ = {isa = PBXFileReference; explicitFileType = wrapper.application; includeInIndex = 0; path = Shimi.app; sourceTree = BUILT_PRODUCTS_DIR; };
		E74BAC631ED0102300723CA5 /* AppDelegate.swift */ = {isa = PBXFileReference; lastKnownFileType = sourcecode.swift; path = AppDelegate.swift; sourceTree = "<group>"; };
		E74BAC6A1ED0102300723CA5 /* Assets.xcassets */ = {isa = PBXFileReference; lastKnownFileType = folder.assetcatalog; path = Assets.xcassets; sourceTree = "<group>"; };
		E74BAC6D1ED0102300723CA5 /* Base */ = {isa = PBXFileReference; lastKnownFileType = file.storyboard; name = Base; path = Base.lproj/LaunchScreen.storyboard; sourceTree = "<group>"; };
		E74BAC6F1ED0102300723CA5 /* Info.plist */ = {isa = PBXFileReference; lastKnownFileType = text.plist.xml; path = Info.plist; sourceTree = "<group>"; };
		E74BAC741ED0102300723CA5 /* ShimiTests.xctest */ = {isa = PBXFileReference; explicitFileType = wrapper.cfbundle; includeInIndex = 0; path = ShimiTests.xctest; sourceTree = BUILT_PRODUCTS_DIR; };
		E74BAC7A1ED0102300723CA5 /* Info.plist */ = {isa = PBXFileReference; lastKnownFileType = text.plist.xml; path = Info.plist; sourceTree = "<group>"; };
		E74BAC7F1ED0102300723CA5 /* ShimiUITests.xctest */ = {isa = PBXFileReference; explicitFileType = wrapper.cfbundle; includeInIndex = 0; path = ShimiUITests.xctest; sourceTree = BUILT_PRODUCTS_DIR; };
		E74BAC831ED0102300723CA5 /* ShimiUITests.swift */ = {isa = PBXFileReference; lastKnownFileType = sourcecode.swift; path = ShimiUITests.swift; sourceTree = "<group>"; };
		E74BAC851ED0102300723CA5 /* Info.plist */ = {isa = PBXFileReference; lastKnownFileType = text.plist.xml; path = Info.plist; sourceTree = "<group>"; };
		E74BAC9E1ED0118400723CA5 /* CAAnimationGroup+Rx.swift */ = {isa = PBXFileReference; fileEncoding = 4; lastKnownFileType = sourcecode.swift; path = "CAAnimationGroup+Rx.swift"; sourceTree = "<group>"; };
		E74BAC9F1ED0118400723CA5 /* UIView+Anchors.swift */ = {isa = PBXFileReference; fileEncoding = 4; lastKnownFileType = sourcecode.swift; path = "UIView+Anchors.swift"; sourceTree = "<group>"; };
		E74BACA31ED0119400723CA5 /* MainViewController.swift */ = {isa = PBXFileReference; fileEncoding = 4; lastKnownFileType = sourcecode.swift; path = MainViewController.swift; sourceTree = "<group>"; };
		E74BACA71ED011BB00723CA5 /* Cartfile */ = {isa = PBXFileReference; fileEncoding = 4; lastKnownFileType = text; path = Cartfile; sourceTree = SOURCE_ROOT; };
		E74BACA81ED011BB00723CA5 /* resources.xcconfig */ = {isa = PBXFileReference; fileEncoding = 4; lastKnownFileType = text.xcconfig; path = resources.xcconfig; sourceTree = SOURCE_ROOT; };
		E74BACAB1ED011D500723CA5 /* .gitignore */ = {isa = PBXFileReference; fileEncoding = 4; lastKnownFileType = text; path = .gitignore; sourceTree = SOURCE_ROOT; };
		E755FDBE1EE127CF00829B0A /* NumberTunerViewController.swift */ = {isa = PBXFileReference; fileEncoding = 4; lastKnownFileType = sourcecode.swift; path = NumberTunerViewController.swift; sourceTree = "<group>"; };
		E755FDC01EE1307300829B0A /* NumberTunerBuilder.swift */ = {isa = PBXFileReference; fileEncoding = 4; lastKnownFileType = sourcecode.swift; path = NumberTunerBuilder.swift; sourceTree = "<group>"; };
		E755FDC21EE130B500829B0A /* NumberTunerViewModel.swift */ = {isa = PBXFileReference; fileEncoding = 4; lastKnownFileType = sourcecode.swift; path = NumberTunerViewModel.swift; sourceTree = "<group>"; };
		E755FDC41EE133D700829B0A /* NumberTunerDelegates.swift */ = {isa = PBXFileReference; fileEncoding = 4; lastKnownFileType = sourcecode.swift; path = NumberTunerDelegates.swift; sourceTree = "<group>"; };
		E75DAD361EDAB79F00C0A4C4 /* RealmSwift.framework */ = {isa = PBXFileReference; lastKnownFileType = wrapper.framework; name = RealmSwift.framework; path = Carthage/Build/iOS/RealmSwift.framework; sourceTree = "<group>"; };
		E75DAD381EDAB7F600C0A4C4 /* Realm.framework */ = {isa = PBXFileReference; lastKnownFileType = wrapper.framework; name = Realm.framework; path = Carthage/Build/iOS/Realm.framework; sourceTree = "<group>"; };
		E7607AB81EDBF4B800345D93 /* RotatingButtonsTests.swift */ = {isa = PBXFileReference; fileEncoding = 4; lastKnownFileType = sourcecode.swift; path = RotatingButtonsTests.swift; sourceTree = "<group>"; };
		E7758C111EDE86EB0078BAE0 /* Entry.swift */ = {isa = PBXFileReference; fileEncoding = 4; lastKnownFileType = sourcecode.swift; path = Entry.swift; sourceTree = "<group>"; };
		E7758C141EDE871C0078BAE0 /* Model.swift */ = {isa = PBXFileReference; fileEncoding = 4; lastKnownFileType = sourcecode.swift; path = Model.swift; sourceTree = "<group>"; };
		E7758C151EDE871C0078BAE0 /* Proxies.swift */ = {isa = PBXFileReference; fileEncoding = 4; lastKnownFileType = sourcecode.swift; path = Proxies.swift; sourceTree = "<group>"; };
		E7758C161EDE871C0078BAE0 /* ProxiesMock.swift */ = {isa = PBXFileReference; fileEncoding = 4; lastKnownFileType = sourcecode.swift; path = ProxiesMock.swift; sourceTree = "<group>"; };
		E7758C171EDE871C0078BAE0 /* ProxiesProvider.swift */ = {isa = PBXFileReference; fileEncoding = 4; lastKnownFileType = sourcecode.swift; path = ProxiesProvider.swift; sourceTree = "<group>"; };
		E785A8451EDE7DB900580E93 /* EntriesService.swift */ = {isa = PBXFileReference; fileEncoding = 4; lastKnownFileType = sourcecode.swift; path = EntriesService.swift; sourceTree = "<group>"; };
		E7AF6BA31ED9819B00EC7C2C /* RxRealm.framework */ = {isa = PBXFileReference; lastKnownFileType = wrapper.framework; name = RxRealm.framework; path = Carthage/Build/iOS/RxRealm.framework; sourceTree = "<group>"; };
		E7F6EF431EDD531B00024552 /* RotatingButtonsDelegates.swift */ = {isa = PBXFileReference; fileEncoding = 4; lastKnownFileType = sourcecode.swift; path = RotatingButtonsDelegates.swift; sourceTree = "<group>"; };
/* End PBXFileReference section */

/* Begin PBXFrameworksBuildPhase section */
		E74BAC5D1ED0102300723CA5 /* Frameworks */ = {
			isa = PBXFrameworksBuildPhase;
			buildActionMask = 2147483647;
			files = (
				E73ADF2F1ED014470009D4F6 /* Action.framework in Frameworks */,
				E73ADF301ED014470009D4F6 /* NSObject_Rx.framework in Frameworks */,
				E73ADF311ED014470009D4F6 /* RxCocoa.framework in Frameworks */,
				E73ADF321ED014470009D4F6 /* RxSwift.framework in Frameworks */,
				E75DAD391EDAB7F600C0A4C4 /* Realm.framework in Frameworks */,
				E75DAD371EDAB79F00C0A4C4 /* RealmSwift.framework in Frameworks */,
				E7AF6BA41ED9819B00EC7C2C /* RxRealm.framework in Frameworks */,
			);
			runOnlyForDeploymentPostprocessing = 0;
		};
		E74BAC711ED0102300723CA5 /* Frameworks */ = {
			isa = PBXFrameworksBuildPhase;
			buildActionMask = 2147483647;
			files = (
			);
			runOnlyForDeploymentPostprocessing = 0;
		};
		E74BAC7C1ED0102300723CA5 /* Frameworks */ = {
			isa = PBXFrameworksBuildPhase;
			buildActionMask = 2147483647;
			files = (
			);
			runOnlyForDeploymentPostprocessing = 0;
		};
/* End PBXFrameworksBuildPhase section */

/* Begin PBXGroup section */
		E71F56481ED82DF60078EFAD /* RotatingButtons */ = {
			isa = PBXGroup;
			children = (
				E71F56491ED82DF60078EFAD /* RotatingButtonsBuilder.swift */,
				E71F564B1ED82DF60078EFAD /* RotatingButtonsViewModel.swift */,
				E71F564A1ED82DF60078EFAD /* RotatingButtonsViewController.swift */,
				E7F6EF431EDD531B00024552 /* RotatingButtonsDelegates.swift */,
			);
			path = RotatingButtons;
			sourceTree = "<group>";
		};
		E73ADF2A1ED014470009D4F6 /* Frameworks */ = {
			isa = PBXGroup;
			children = (
				E75DAD381EDAB7F600C0A4C4 /* Realm.framework */,
				E75DAD361EDAB79F00C0A4C4 /* RealmSwift.framework */,
				E7AF6BA31ED9819B00EC7C2C /* RxRealm.framework */,
				E73ADF2B1ED014470009D4F6 /* Action.framework */,
				E73ADF2C1ED014470009D4F6 /* NSObject_Rx.framework */,
				E73ADF2D1ED014470009D4F6 /* RxCocoa.framework */,
				E73ADF2E1ED014470009D4F6 /* RxSwift.framework */,
			);
			name = Frameworks;
			sourceTree = "<group>";
		};
		E74BAC571ED0102300723CA5 = {
			isa = PBXGroup;
			children = (
				E74BAC621ED0102300723CA5 /* Shimi */,
				E74BAC771ED0102300723CA5 /* ShimiTests */,
				E74BAC821ED0102300723CA5 /* ShimiUITests */,
				E74BAC611ED0102300723CA5 /* Products */,
				E73ADF2A1ED014470009D4F6 /* Frameworks */,
			);
			sourceTree = "<group>";
		};
		E74BAC611ED0102300723CA5 /* Products */ = {
			isa = PBXGroup;
			children = (
				E74BAC601ED0102300723CA5 /* Shimi.app */,
				E74BAC741ED0102300723CA5 /* ShimiTests.xctest */,
				E74BAC7F1ED0102300723CA5 /* ShimiUITests.xctest */,
			);
			name = Products;
			sourceTree = "<group>";
		};
		E74BAC621ED0102300723CA5 /* Shimi */ = {
			isa = PBXGroup;
			children = (
				E74BACA21ED0119400723CA5 /* View */,
				E785A8441EDE7D9D00580E93 /* Services */,
				E785A8411EDE7D7000580E93 /* Model */,
				E74BAC9D1ED0118400723CA5 /* Extensions */,
				E74BAC631ED0102300723CA5 /* AppDelegate.swift */,
				E74BAC6A1ED0102300723CA5 /* Assets.xcassets */,
				E74BAC6C1ED0102300723CA5 /* LaunchScreen.storyboard */,
				E74BAC6F1ED0102300723CA5 /* Info.plist */,
				E74BACAB1ED011D500723CA5 /* .gitignore */,
				E74BACA71ED011BB00723CA5 /* Cartfile */,
				E74BACA81ED011BB00723CA5 /* resources.xcconfig */,
			);
			path = Shimi;
			sourceTree = "<group>";
		};
		E74BAC771ED0102300723CA5 /* ShimiTests */ = {
			isa = PBXGroup;
			children = (
				E74BAC7A1ED0102300723CA5 /* Info.plist */,
				E7607AB81EDBF4B800345D93 /* RotatingButtonsTests.swift */,
			);
			path = ShimiTests;
			sourceTree = "<group>";
		};
		E74BAC821ED0102300723CA5 /* ShimiUITests */ = {
			isa = PBXGroup;
			children = (
				E74BAC831ED0102300723CA5 /* ShimiUITests.swift */,
				E74BAC851ED0102300723CA5 /* Info.plist */,
			);
			path = ShimiUITests;
			sourceTree = "<group>";
		};
		E74BAC9D1ED0118400723CA5 /* Extensions */ = {
			isa = PBXGroup;
			children = (
				E74BAC9E1ED0118400723CA5 /* CAAnimationGroup+Rx.swift */,
				E74BAC9F1ED0118400723CA5 /* UIView+Anchors.swift */,
			);
			path = Extensions;
			sourceTree = "<group>";
		};
		E74BACA21ED0119400723CA5 /* View */ = {
			isa = PBXGroup;
			children = (
				E755FDBD1EE127B500829B0A /* NumberTuner */,
				E71F56481ED82DF60078EFAD /* RotatingButtons */,
				E74BACA31ED0119400723CA5 /* MainViewController.swift */,
			);
			path = View;
			sourceTree = "<group>";
		};
		E755FDBD1EE127B500829B0A /* NumberTuner */ = {
			isa = PBXGroup;
			children = (
				E755FDC01EE1307300829B0A /* NumberTunerBuilder.swift */,
				E755FDC21EE130B500829B0A /* NumberTunerViewModel.swift */,
				E755FDBE1EE127CF00829B0A /* NumberTunerViewController.swift */,
				E755FDC41EE133D700829B0A /* NumberTunerDelegates.swift */,
			);
			path = NumberTuner;
			sourceTree = "<group>";
		};
		E7758C131EDE871C0078BAE0 /* Logic */ = {
			isa = PBXGroup;
			children = (
				E7758C141EDE871C0078BAE0 /* Model.swift */,
				E7758C151EDE871C0078BAE0 /* Proxies.swift */,
				E7758C161EDE871C0078BAE0 /* ProxiesMock.swift */,
				E7758C171EDE871C0078BAE0 /* ProxiesProvider.swift */,
			);
			path = Logic;
			sourceTree = "<group>";
		};
		E785A8411EDE7D7000580E93 /* Model */ = {
			isa = PBXGroup;
			children = (
				E7758C131EDE871C0078BAE0 /* Logic */,
				E7758C111EDE86EB0078BAE0 /* Entry.swift */,
			);
			path = Model;
			sourceTree = "<group>";
		};
		E785A8441EDE7D9D00580E93 /* Services */ = {
			isa = PBXGroup;
			children = (
				E785A8451EDE7DB900580E93 /* EntriesService.swift */,
			);
			path = Services;
			sourceTree = "<group>";
		};
/* End PBXGroup section */

/* Begin PBXNativeTarget section */
		E74BAC5F1ED0102300723CA5 /* Shimi */ = {
			isa = PBXNativeTarget;
			buildConfigurationList = E74BAC881ED0102400723CA5 /* Build configuration list for PBXNativeTarget "Shimi" */;
			buildPhases = (
				E74BAC5C1ED0102300723CA5 /* Sources */,
				E74BAC5D1ED0102300723CA5 /* Frameworks */,
				E74BAC5E1ED0102300723CA5 /* Resources */,
				E73ADF331ED014640009D4F6 /* ShellScript */,
			);
			buildRules = (
			);
			dependencies = (
			);
			name = Shimi;
			productName = Shimi;
			productReference = E74BAC601ED0102300723CA5 /* Shimi.app */;
			productType = "com.apple.product-type.application";
		};
		E74BAC731ED0102300723CA5 /* ShimiTests */ = {
			isa = PBXNativeTarget;
			buildConfigurationList = E74BAC8B1ED0102400723CA5 /* Build configuration list for PBXNativeTarget "ShimiTests" */;
			buildPhases = (
				E74BAC701ED0102300723CA5 /* Sources */,
				E74BAC711ED0102300723CA5 /* Frameworks */,
				E74BAC721ED0102300723CA5 /* Resources */,
			);
			buildRules = (
			);
			dependencies = (
				E74BAC761ED0102300723CA5 /* PBXTargetDependency */,
			);
			name = ShimiTests;
			productName = ShimiTests;
			productReference = E74BAC741ED0102300723CA5 /* ShimiTests.xctest */;
			productType = "com.apple.product-type.bundle.unit-test";
		};
		E74BAC7E1ED0102300723CA5 /* ShimiUITests */ = {
			isa = PBXNativeTarget;
			buildConfigurationList = E74BAC8E1ED0102400723CA5 /* Build configuration list for PBXNativeTarget "ShimiUITests" */;
			buildPhases = (
				E74BAC7B1ED0102300723CA5 /* Sources */,
				E74BAC7C1ED0102300723CA5 /* Frameworks */,
				E74BAC7D1ED0102300723CA5 /* Resources */,
			);
			buildRules = (
			);
			dependencies = (
				E74BAC811ED0102300723CA5 /* PBXTargetDependency */,
			);
			name = ShimiUITests;
			productName = ShimiUITests;
			productReference = E74BAC7F1ED0102300723CA5 /* ShimiUITests.xctest */;
			productType = "com.apple.product-type.bundle.ui-testing";
		};
/* End PBXNativeTarget section */

/* Begin PBXProject section */
		E74BAC581ED0102300723CA5 /* Project object */ = {
			isa = PBXProject;
			attributes = {
				LastSwiftUpdateCheck = 0830;
				LastUpgradeCheck = 0830;
				ORGANIZATIONNAME = TsiliGiliMiliTili;
				TargetAttributes = {
					E74BAC5F1ED0102300723CA5 = {
						CreatedOnToolsVersion = 8.3.2;
						DevelopmentTeam = 4JEK9RGB6D;
						ProvisioningStyle = Automatic;
					};
					E74BAC731ED0102300723CA5 = {
						CreatedOnToolsVersion = 8.3.2;
						DevelopmentTeam = 4JEK9RGB6D;
						ProvisioningStyle = Automatic;
						TestTargetID = E74BAC5F1ED0102300723CA5;
					};
					E74BAC7E1ED0102300723CA5 = {
						CreatedOnToolsVersion = 8.3.2;
						DevelopmentTeam = 4JEK9RGB6D;
						ProvisioningStyle = Automatic;
						TestTargetID = E74BAC5F1ED0102300723CA5;
					};
				};
			};
			buildConfigurationList = E74BAC5B1ED0102300723CA5 /* Build configuration list for PBXProject "Shimi" */;
			compatibilityVersion = "Xcode 3.2";
			developmentRegion = English;
			hasScannedForEncodings = 0;
			knownRegions = (
				en,
				Base,
			);
			mainGroup = E74BAC571ED0102300723CA5;
			productRefGroup = E74BAC611ED0102300723CA5 /* Products */;
			projectDirPath = "";
			projectRoot = "";
			targets = (
				E74BAC5F1ED0102300723CA5 /* Shimi */,
				E74BAC731ED0102300723CA5 /* ShimiTests */,
				E74BAC7E1ED0102300723CA5 /* ShimiUITests */,
			);
		};
/* End PBXProject section */

/* Begin PBXResourcesBuildPhase section */
		E74BAC5E1ED0102300723CA5 /* Resources */ = {
			isa = PBXResourcesBuildPhase;
			buildActionMask = 2147483647;
			files = (
				E74BAC6E1ED0102300723CA5 /* LaunchScreen.storyboard in Resources */,
				E74BAC6B1ED0102300723CA5 /* Assets.xcassets in Resources */,
				E74BACA91ED011BB00723CA5 /* Cartfile in Resources */,
				E74BACAC1ED011D500723CA5 /* .gitignore in Resources */,
				E74BACAA1ED011BB00723CA5 /* resources.xcconfig in Resources */,
			);
			runOnlyForDeploymentPostprocessing = 0;
		};
		E74BAC721ED0102300723CA5 /* Resources */ = {
			isa = PBXResourcesBuildPhase;
			buildActionMask = 2147483647;
			files = (
			);
			runOnlyForDeploymentPostprocessing = 0;
		};
		E74BAC7D1ED0102300723CA5 /* Resources */ = {
			isa = PBXResourcesBuildPhase;
			buildActionMask = 2147483647;
			files = (
			);
			runOnlyForDeploymentPostprocessing = 0;
		};
/* End PBXResourcesBuildPhase section */

/* Begin PBXShellScriptBuildPhase section */
		E73ADF331ED014640009D4F6 /* ShellScript */ = {
			isa = PBXShellScriptBuildPhase;
			buildActionMask = 2147483647;
			files = (
			);
			inputPaths = (
				"$(SRCROOT)/Carthage/Build/iOS/Action.framework",
				"$(SRCROOT)/Carthage/Build/iOS/NSObject_Rx.framework",
				"$(SRCROOT)/Carthage/Build/iOS/RxCocoa.framework",
				"$(SRCROOT)/Carthage/Build/iOS/RxSwift.framework",
				"$(SRCROOT)/Carthage/Build/iOS/RxRealm.framework",
				"$(SRCROOT)/Carthage/Build/iOS/RealmSwift.framework",
				"$(SRCROOT)/Carthage/Build/iOS/Realm.framework",
			);
			outputPaths = (
			);
			runOnlyForDeploymentPostprocessing = 0;
			shellPath = /bin/sh;
			shellScript = "/usr/local/bin/carthage copy-frameworks";
		};
/* End PBXShellScriptBuildPhase section */

/* Begin PBXSourcesBuildPhase section */
		E74BAC5C1ED0102300723CA5 /* Sources */ = {
			isa = PBXSourcesBuildPhase;
			buildActionMask = 2147483647;
			files = (
				E7758C121EDE86EB0078BAE0 /* Entry.swift in Sources */,
				E755FDC11EE1307300829B0A /* NumberTunerBuilder.swift in Sources */,
				E755FDC51EE133D700829B0A /* NumberTunerDelegates.swift in Sources */,
				E71F564D1ED82DF60078EFAD /* RotatingButtonsViewController.swift in Sources */,
				E74BACA11ED0118400723CA5 /* UIView+Anchors.swift in Sources */,
				E7758C1A1EDE871C0078BAE0 /* Model.swift in Sources */,
				E785A8461EDE7DB900580E93 /* EntriesService.swift in Sources */,
				E71F564C1ED82DF60078EFAD /* RotatingButtonsBuilder.swift in Sources */,
				E7758C1C1EDE871C0078BAE0 /* ProxiesMock.swift in Sources */,
				E74BACA01ED0118400723CA5 /* CAAnimationGroup+Rx.swift in Sources */,
				E74BAC641ED0102300723CA5 /* AppDelegate.swift in Sources */,
				E755FDBF1EE127CF00829B0A /* NumberTunerViewController.swift in Sources */,
				E74BACA51ED0119400723CA5 /* MainViewController.swift in Sources */,
				E71F564E1ED82DF60078EFAD /* RotatingButtonsViewModel.swift in Sources */,
				E7F6EF441EDD531B00024552 /* RotatingButtonsDelegates.swift in Sources */,
				E7758C1D1EDE871C0078BAE0 /* ProxiesProvider.swift in Sources */,
				E755FDC31EE130B500829B0A /* NumberTunerViewModel.swift in Sources */,
				E7758C1B1EDE871C0078BAE0 /* Proxies.swift in Sources */,
			);
			runOnlyForDeploymentPostprocessing = 0;
		};
		E74BAC701ED0102300723CA5 /* Sources */ = {
			isa = PBXSourcesBuildPhase;
			buildActionMask = 2147483647;
			files = (
				E7607AB91EDBF4B800345D93 /* RotatingButtonsTests.swift in Sources */,
			);
			runOnlyForDeploymentPostprocessing = 0;
		};
		E74BAC7B1ED0102300723CA5 /* Sources */ = {
			isa = PBXSourcesBuildPhase;
			buildActionMask = 2147483647;
			files = (
				E74BAC841ED0102300723CA5 /* ShimiUITests.swift in Sources */,
			);
			runOnlyForDeploymentPostprocessing = 0;
		};
/* End PBXSourcesBuildPhase section */

/* Begin PBXTargetDependency section */
		E74BAC761ED0102300723CA5 /* PBXTargetDependency */ = {
			isa = PBXTargetDependency;
			target = E74BAC5F1ED0102300723CA5 /* Shimi */;
			targetProxy = E74BAC751ED0102300723CA5 /* PBXContainerItemProxy */;
		};
		E74BAC811ED0102300723CA5 /* PBXTargetDependency */ = {
			isa = PBXTargetDependency;
			target = E74BAC5F1ED0102300723CA5 /* Shimi */;
			targetProxy = E74BAC801ED0102300723CA5 /* PBXContainerItemProxy */;
		};
/* End PBXTargetDependency section */

/* Begin PBXVariantGroup section */
		E74BAC6C1ED0102300723CA5 /* LaunchScreen.storyboard */ = {
			isa = PBXVariantGroup;
			children = (
				E74BAC6D1ED0102300723CA5 /* Base */,
			);
			name = LaunchScreen.storyboard;
			sourceTree = "<group>";
		};
/* End PBXVariantGroup section */

/* Begin XCBuildConfiguration section */
		E74BAC861ED0102300723CA5 /* Debug */ = {
			isa = XCBuildConfiguration;
			buildSettings = {
				ALWAYS_SEARCH_USER_PATHS = NO;
				CLANG_ANALYZER_NONNULL = YES;
				CLANG_ANALYZER_NUMBER_OBJECT_CONVERSION = YES_AGGRESSIVE;
				CLANG_CXX_LANGUAGE_STANDARD = "gnu++0x";
				CLANG_CXX_LIBRARY = "libc++";
				CLANG_ENABLE_MODULES = YES;
				CLANG_ENABLE_OBJC_ARC = YES;
				CLANG_WARN_BOOL_CONVERSION = YES;
				CLANG_WARN_CONSTANT_CONVERSION = YES;
				CLANG_WARN_DIRECT_OBJC_ISA_USAGE = YES_ERROR;
				CLANG_WARN_DOCUMENTATION_COMMENTS = YES;
				CLANG_WARN_EMPTY_BODY = YES;
				CLANG_WARN_ENUM_CONVERSION = YES;
				CLANG_WARN_INFINITE_RECURSION = YES;
				CLANG_WARN_INT_CONVERSION = YES;
				CLANG_WARN_OBJC_ROOT_CLASS = YES_ERROR;
				CLANG_WARN_SUSPICIOUS_MOVE = YES;
				CLANG_WARN_UNREACHABLE_CODE = YES;
				CLANG_WARN__DUPLICATE_METHOD_MATCH = YES;
				"CODE_SIGN_IDENTITY[sdk=iphoneos*]" = "iPhone Developer";
				COPY_PHASE_STRIP = NO;
				DEBUG_INFORMATION_FORMAT = dwarf;
				ENABLE_STRICT_OBJC_MSGSEND = YES;
				ENABLE_TESTABILITY = YES;
				GCC_C_LANGUAGE_STANDARD = gnu99;
				GCC_DYNAMIC_NO_PIC = NO;
				GCC_NO_COMMON_BLOCKS = YES;
				GCC_OPTIMIZATION_LEVEL = 0;
				GCC_PREPROCESSOR_DEFINITIONS = (
					"DEBUG=1",
					"$(inherited)",
				);
				GCC_WARN_64_TO_32_BIT_CONVERSION = YES;
				GCC_WARN_ABOUT_RETURN_TYPE = YES_ERROR;
				GCC_WARN_UNDECLARED_SELECTOR = YES;
				GCC_WARN_UNINITIALIZED_AUTOS = YES_AGGRESSIVE;
				GCC_WARN_UNUSED_FUNCTION = YES;
				GCC_WARN_UNUSED_VARIABLE = YES;
				IPHONEOS_DEPLOYMENT_TARGET = 10.3;
				MTL_ENABLE_DEBUG_INFO = YES;
				ONLY_ACTIVE_ARCH = YES;
				SDKROOT = iphoneos;
				SWIFT_ACTIVE_COMPILATION_CONDITIONS = DEBUG;
				SWIFT_OPTIMIZATION_LEVEL = "-Onone";
				TARGETED_DEVICE_FAMILY = "1,2";
			};
			name = Debug;
		};
		E74BAC871ED0102300723CA5 /* Release */ = {
			isa = XCBuildConfiguration;
			buildSettings = {
				ALWAYS_SEARCH_USER_PATHS = NO;
				CLANG_ANALYZER_NONNULL = YES;
				CLANG_ANALYZER_NUMBER_OBJECT_CONVERSION = YES_AGGRESSIVE;
				CLANG_CXX_LANGUAGE_STANDARD = "gnu++0x";
				CLANG_CXX_LIBRARY = "libc++";
				CLANG_ENABLE_MODULES = YES;
				CLANG_ENABLE_OBJC_ARC = YES;
				CLANG_WARN_BOOL_CONVERSION = YES;
				CLANG_WARN_CONSTANT_CONVERSION = YES;
				CLANG_WARN_DIRECT_OBJC_ISA_USAGE = YES_ERROR;
				CLANG_WARN_DOCUMENTATION_COMMENTS = YES;
				CLANG_WARN_EMPTY_BODY = YES;
				CLANG_WARN_ENUM_CONVERSION = YES;
				CLANG_WARN_INFINITE_RECURSION = YES;
				CLANG_WARN_INT_CONVERSION = YES;
				CLANG_WARN_OBJC_ROOT_CLASS = YES_ERROR;
				CLANG_WARN_SUSPICIOUS_MOVE = YES;
				CLANG_WARN_UNREACHABLE_CODE = YES;
				CLANG_WARN__DUPLICATE_METHOD_MATCH = YES;
				"CODE_SIGN_IDENTITY[sdk=iphoneos*]" = "iPhone Developer";
				COPY_PHASE_STRIP = NO;
				DEBUG_INFORMATION_FORMAT = "dwarf-with-dsym";
				ENABLE_NS_ASSERTIONS = NO;
				ENABLE_STRICT_OBJC_MSGSEND = YES;
				GCC_C_LANGUAGE_STANDARD = gnu99;
				GCC_NO_COMMON_BLOCKS = YES;
				GCC_WARN_64_TO_32_BIT_CONVERSION = YES;
				GCC_WARN_ABOUT_RETURN_TYPE = YES_ERROR;
				GCC_WARN_UNDECLARED_SELECTOR = YES;
				GCC_WARN_UNINITIALIZED_AUTOS = YES_AGGRESSIVE;
				GCC_WARN_UNUSED_FUNCTION = YES;
				GCC_WARN_UNUSED_VARIABLE = YES;
				IPHONEOS_DEPLOYMENT_TARGET = 10.3;
				MTL_ENABLE_DEBUG_INFO = NO;
				SDKROOT = iphoneos;
				SWIFT_OPTIMIZATION_LEVEL = "-Owholemodule";
				TARGETED_DEVICE_FAMILY = "1,2";
				VALIDATE_PRODUCT = YES;
			};
			name = Release;
		};
		E74BAC891ED0102400723CA5 /* Debug */ = {
			isa = XCBuildConfiguration;
			buildSettings = {
				ASSETCATALOG_COMPILER_APPICON_NAME = AppIcon;
				DEVELOPMENT_TEAM = 4JEK9RGB6D;
				FRAMEWORK_SEARCH_PATHS = (
					"$(inherited)",
					"$(PROJECT_DIR)/Carthage/Build/iOS",
				);
				INFOPLIST_FILE = Shimi/Info.plist;
				LD_RUNPATH_SEARCH_PATHS = "$(inherited) @executable_path/Frameworks";
				PRODUCT_BUNDLE_IDENTIFIER = com.tsilimiligilitili.Shimi;
				PRODUCT_NAME = "$(TARGET_NAME)";
				SWIFT_VERSION = 3.0;
			};
			name = Debug;
		};
		E74BAC8A1ED0102400723CA5 /* Release */ = {
			isa = XCBuildConfiguration;
			buildSettings = {
				ASSETCATALOG_COMPILER_APPICON_NAME = AppIcon;
				DEVELOPMENT_TEAM = 4JEK9RGB6D;
				FRAMEWORK_SEARCH_PATHS = (
					"$(inherited)",
					"$(PROJECT_DIR)/Carthage/Build/iOS",
				);
				INFOPLIST_FILE = Shimi/Info.plist;
				LD_RUNPATH_SEARCH_PATHS = "$(inherited) @executable_path/Frameworks";
				PRODUCT_BUNDLE_IDENTIFIER = com.tsilimiligilitili.Shimi;
				PRODUCT_NAME = "$(TARGET_NAME)";
				SWIFT_VERSION = 3.0;
			};
			name = Release;
		};
		E74BAC8C1ED0102400723CA5 /* Debug */ = {
			isa = XCBuildConfiguration;
			buildSettings = {
				ALWAYS_EMBED_SWIFT_STANDARD_LIBRARIES = YES;
				BUNDLE_LOADER = "$(TEST_HOST)";
				DEVELOPMENT_TEAM = 4JEK9RGB6D;
				FRAMEWORK_SEARCH_PATHS = "$(SRCROOT)/Carthage/Build/iOS";
				INFOPLIST_FILE = ShimiTests/Info.plist;
				LD_RUNPATH_SEARCH_PATHS = "$(inherited) @executable_path/Frameworks @loader_path/Frameworks";
				PRODUCT_BUNDLE_IDENTIFIER = com.tsilimiligilitili.ShimiTests;
				PRODUCT_NAME = "$(TARGET_NAME)";
				SWIFT_VERSION = 3.0;
				TEST_HOST = "$(BUILT_PRODUCTS_DIR)/Shimi.app/Shimi";
			};
			name = Debug;
		};
		E74BAC8D1ED0102400723CA5 /* Release */ = {
			isa = XCBuildConfiguration;
			buildSettings = {
				ALWAYS_EMBED_SWIFT_STANDARD_LIBRARIES = YES;
				BUNDLE_LOADER = "$(TEST_HOST)";
				DEVELOPMENT_TEAM = 4JEK9RGB6D;
				FRAMEWORK_SEARCH_PATHS = "$(SRCROOT)/Carthage/Build/iOS";
				INFOPLIST_FILE = ShimiTests/Info.plist;
				LD_RUNPATH_SEARCH_PATHS = "$(inherited) @executable_path/Frameworks @loader_path/Frameworks";
				PRODUCT_BUNDLE_IDENTIFIER = com.tsilimiligilitili.ShimiTests;
				PRODUCT_NAME = "$(TARGET_NAME)";
				SWIFT_VERSION = 3.0;
				TEST_HOST = "$(BUILT_PRODUCTS_DIR)/Shimi.app/Shimi";
			};
			name = Release;
		};
		E74BAC8F1ED0102400723CA5 /* Debug */ = {
			isa = XCBuildConfiguration;
			buildSettings = {
				ALWAYS_EMBED_SWIFT_STANDARD_LIBRARIES = YES;
				DEVELOPMENT_TEAM = 4JEK9RGB6D;
				INFOPLIST_FILE = ShimiUITests/Info.plist;
				LD_RUNPATH_SEARCH_PATHS = "$(inherited) @executable_path/Frameworks @loader_path/Frameworks";
				PRODUCT_BUNDLE_IDENTIFIER = com.tsilimiligilitili.ShimiUITests;
				PRODUCT_NAME = "$(TARGET_NAME)";
				SWIFT_VERSION = 3.0;
				TEST_TARGET_NAME = Shimi;
			};
			name = Debug;
		};
		E74BAC901ED0102400723CA5 /* Release */ = {
			isa = XCBuildConfiguration;
			buildSettings = {
				ALWAYS_EMBED_SWIFT_STANDARD_LIBRARIES = YES;
				DEVELOPMENT_TEAM = 4JEK9RGB6D;
				INFOPLIST_FILE = ShimiUITests/Info.plist;
				LD_RUNPATH_SEARCH_PATHS = "$(inherited) @executable_path/Frameworks @loader_path/Frameworks";
				PRODUCT_BUNDLE_IDENTIFIER = com.tsilimiligilitili.ShimiUITests;
				PRODUCT_NAME = "$(TARGET_NAME)";
				SWIFT_VERSION = 3.0;
				TEST_TARGET_NAME = Shimi;
			};
			name = Release;
		};
/* End XCBuildConfiguration section */

/* Begin XCConfigurationList section */
		E74BAC5B1ED0102300723CA5 /* Build configuration list for PBXProject "Shimi" */ = {
			isa = XCConfigurationList;
			buildConfigurations = (
				E74BAC861ED0102300723CA5 /* Debug */,
				E74BAC871ED0102300723CA5 /* Release */,
			);
			defaultConfigurationIsVisible = 0;
			defaultConfigurationName = Release;
		};
		E74BAC881ED0102400723CA5 /* Build configuration list for PBXNativeTarget "Shimi" */ = {
			isa = XCConfigurationList;
			buildConfigurations = (
				E74BAC891ED0102400723CA5 /* Debug */,
				E74BAC8A1ED0102400723CA5 /* Release */,
			);
			defaultConfigurationIsVisible = 0;
			defaultConfigurationName = Release;
		};
		E74BAC8B1ED0102400723CA5 /* Build configuration list for PBXNativeTarget "ShimiTests" */ = {
			isa = XCConfigurationList;
			buildConfigurations = (
				E74BAC8C1ED0102400723CA5 /* Debug */,
				E74BAC8D1ED0102400723CA5 /* Release */,
			);
			defaultConfigurationIsVisible = 0;
			defaultConfigurationName = Release;
		};
		E74BAC8E1ED0102400723CA5 /* Build configuration list for PBXNativeTarget "ShimiUITests" */ = {
			isa = XCConfigurationList;
			buildConfigurations = (
				E74BAC8F1ED0102400723CA5 /* Debug */,
				E74BAC901ED0102400723CA5 /* Release */,
			);
			defaultConfigurationIsVisible = 0;
			defaultConfigurationName = Release;
		};
/* End XCConfigurationList section */
	};
	rootObject = E74BAC581ED0102300723CA5 /* Project object */;
}
